
Microsoft Visual Studio Solution File, Format Version 12.00
# Visual Studio Version 16
VisualStudioVersion = 16.0.29025.244
MinimumVisualStudioVersion = 10.0.40219.1
Project("{FAE04EC0-301F-11D3-BF4B-00C04F79EFBC}") = "SampleMobileAppXF.UWP", "SampleMobileAppXF\SampleMobileAppXF.UWP\SampleMobileAppXF.UWP.csproj", "{F49D5537-4F66-4B52-8635-C2946F8A4873}"
EndProject
Project("{FAE04EC0-301F-11D3-BF4B-00C04F79EFBC}") = "SampleMobileAppXF.Android", "SampleMobileAppXF\SampleMobileAppXF.Android\SampleMobileAppXF.Android.csproj", "{F088ABE5-05B9-4B3B-8D41-C873CCF78D3B}"
EndProject
Project("{FAE04EC0-301F-11D3-BF4B-00C04F79EFBC}") = "SampleMobileAppXF.iOS", "SampleMobileAppXF\SampleMobileAppXF.iOS\SampleMobileAppXF.iOS.csproj", "{49A42B59-A26B-4B54-8590-8AE84828BD22}"
EndProject
Project("{FAE04EC0-301F-11D3-BF4B-00C04F79EFBC}") = "SampleMobileAppXF.MobileAppService", "SampleMobileAppXF\SampleMobileAppXF.MobileAppService\SampleMobileAppXF.MobileAppService.csproj", "{C7A7046A-A96C-4774-86B5-0AA20CBC243F}"
EndProject
Project("{FAE04EC0-301F-11D3-BF4B-00C04F79EFBC}") = "SampleMobileAppXF", "SampleMobileAppXF\SampleMobileAppXF\SampleMobileAppXF.csproj", "{7EA41778-AEC0-436F-84FB-AE447C0E4B39}"
EndProject
Global
	GlobalSection(SolutionConfigurationPlatforms) = preSolution
		Debug|Any CPU = Debug|Any CPU
		Debug|ARM = Debug|ARM
		Debug|iPhone = Debug|iPhone
		Debug|iPhoneSimulator = Debug|iPhoneSimulator
		Debug|x64 = Debug|x64
		Debug|x86 = Debug|x86
		Release|Any CPU = Release|Any CPU
		Release|ARM = Release|ARM
		Release|iPhone = Release|iPhone
		Release|iPhoneSimulator = Release|iPhoneSimulator
		Release|x64 = Release|x64
		Release|x86 = Release|x86
	EndGlobalSection
	GlobalSection(ProjectConfigurationPlatforms) = postSolution
		{F49D5537-4F66-4B52-8635-C2946F8A4873}.Debug|Any CPU.ActiveCfg = Debug|x86
		{F49D5537-4F66-4B52-8635-C2946F8A4873}.Debug|Any CPU.Build.0 = Debug|x86
		{F49D5537-4F66-4B52-8635-C2946F8A4873}.Debug|Any CPU.Deploy.0 = Debug|x86
		{F49D5537-4F66-4B52-8635-C2946F8A4873}.Debug|ARM.ActiveCfg = Debug|ARM
		{F49D5537-4F66-4B52-8635-C2946F8A4873}.Debug|ARM.Build.0 = Debug|ARM
		{F49D5537-4F66-4B52-8635-C2946F8A4873}.Debug|ARM.Deploy.0 = Debug|ARM
		{F49D5537-4F66-4B52-8635-C2946F8A4873}.Debug|iPhone.ActiveCfg = Debug|x86
		{F49D5537-4F66-4B52-8635-C2946F8A4873}.Debug|iPhone.Build.0 = Debug|x86
		{F49D5537-4F66-4B52-8635-C2946F8A4873}.Debug|iPhone.Deploy.0 = Debug|x86
		{F49D5537-4F66-4B52-8635-C2946F8A4873}.Debug|iPhoneSimulator.ActiveCfg = Debug|x86
		{F49D5537-4F66-4B52-8635-C2946F8A4873}.Debug|iPhoneSimulator.Build.0 = Debug|x86
		{F49D5537-4F66-4B52-8635-C2946F8A4873}.Debug|iPhoneSimulator.Deploy.0 = Debug|x86
		{F49D5537-4F66-4B52-8635-C2946F8A4873}.Debug|x64.ActiveCfg = Debug|x64
		{F49D5537-4F66-4B52-8635-C2946F8A4873}.Debug|x64.Build.0 = Debug|x64
		{F49D5537-4F66-4B52-8635-C2946F8A4873}.Debug|x64.Deploy.0 = Debug|x64
		{F49D5537-4F66-4B52-8635-C2946F8A4873}.Debug|x86.ActiveCfg = Debug|x86
		{F49D5537-4F66-4B52-8635-C2946F8A4873}.Debug|x86.Build.0 = Debug|x86
		{F49D5537-4F66-4B52-8635-C2946F8A4873}.Debug|x86.Deploy.0 = Debug|x86
		{F49D5537-4F66-4B52-8635-C2946F8A4873}.Release|Any CPU.ActiveCfg = Release|x86
		{F49D5537-4F66-4B52-8635-C2946F8A4873}.Release|Any CPU.Build.0 = Release|x86
		{F49D5537-4F66-4B52-8635-C2946F8A4873}.Release|Any CPU.Deploy.0 = Release|x86
		{F49D5537-4F66-4B52-8635-C2946F8A4873}.Release|ARM.ActiveCfg = Release|ARM
		{F49D5537-4F66-4B52-8635-C2946F8A4873}.Release|ARM.Build.0 = Release|ARM
		{F49D5537-4F66-4B52-8635-C2946F8A4873}.Release|ARM.Deploy.0 = Release|ARM
		{F49D5537-4F66-4B52-8635-C2946F8A4873}.Release|iPhone.ActiveCfg = Release|x86
		{F49D5537-4F66-4B52-8635-C2946F8A4873}.Release|iPhone.Build.0 = Release|x86
		{F49D5537-4F66-4B52-8635-C2946F8A4873}.Release|iPhone.Deploy.0 = Release|x86
		{F49D5537-4F66-4B52-8635-C2946F8A4873}.Release|iPhoneSimulator.ActiveCfg = Release|x86
		{F49D5537-4F66-4B52-8635-C2946F8A4873}.Release|iPhoneSimulator.Build.0 = Release|x86
		{F49D5537-4F66-4B52-8635-C2946F8A4873}.Release|iPhoneSimulator.Deploy.0 = Release|x86
		{F49D5537-4F66-4B52-8635-C2946F8A4873}.Release|x64.ActiveCfg = Release|x64
		{F49D5537-4F66-4B52-8635-C2946F8A4873}.Release|x64.Build.0 = Release|x64
		{F49D5537-4F66-4B52-8635-C2946F8A4873}.Release|x64.Deploy.0 = Release|x64
		{F49D5537-4F66-4B52-8635-C2946F8A4873}.Release|x86.ActiveCfg = Release|x86
		{F49D5537-4F66-4B52-8635-C2946F8A4873}.Release|x86.Build.0 = Release|x86
		{F49D5537-4F66-4B52-8635-C2946F8A4873}.Release|x86.Deploy.0 = Release|x86
		{F088ABE5-05B9-4B3B-8D41-C873CCF78D3B}.Debug|Any CPU.ActiveCfg = Debug|Any CPU
		{F088ABE5-05B9-4B3B-8D41-C873CCF78D3B}.Debug|Any CPU.Build.0 = Debug|Any CPU
		{F088ABE5-05B9-4B3B-8D41-C873CCF78D3B}.Debug|Any CPU.Deploy.0 = Debug|Any CPU
		{F088ABE5-05B9-4B3B-8D41-C873CCF78D3B}.Debug|ARM.ActiveCfg = Debug|Any CPU
		{F088ABE5-05B9-4B3B-8D41-C873CCF78D3B}.Debug|ARM.Build.0 = Debug|Any CPU
		{F088ABE5-05B9-4B3B-8D41-C873CCF78D3B}.Debug|ARM.Deploy.0 = Debug|Any CPU
		{F088ABE5-05B9-4B3B-8D41-C873CCF78D3B}.Debug|iPhone.ActiveCfg = Debug|Any CPU
		{F088ABE5-05B9-4B3B-8D41-C873CCF78D3B}.Debug|iPhone.Build.0 = Debug|Any CPU
		{F088ABE5-05B9-4B3B-8D41-C873CCF78D3B}.Debug|iPhone.Deploy.0 = Debug|Any CPU
		{F088ABE5-05B9-4B3B-8D41-C873CCF78D3B}.Debug|iPhoneSimulator.ActiveCfg = Debug|Any CPU
		{F088ABE5-05B9-4B3B-8D41-C873CCF78D3B}.Debug|iPhoneSimulator.Build.0 = Debug|Any CPU
		{F088ABE5-05B9-4B3B-8D41-C873CCF78D3B}.Debug|iPhoneSimulator.Deploy.0 = Debug|Any CPU
		{F088ABE5-05B9-4B3B-8D41-C873CCF78D3B}.Debug|x64.ActiveCfg = Debug|Any CPU
		{F088ABE5-05B9-4B3B-8D41-C873CCF78D3B}.Debug|x64.Build.0 = Debug|Any CPU
		{F088ABE5-05B9-4B3B-8D41-C873CCF78D3B}.Debug|x64.Deploy.0 = Debug|Any CPU
		{F088ABE5-05B9-4B3B-8D41-C873CCF78D3B}.Debug|x86.ActiveCfg = Debug|Any CPU
		{F088ABE5-05B9-4B3B-8D41-C873CCF78D3B}.Debug|x86.Build.0 = Debug|Any CPU
		{F088ABE5-05B9-4B3B-8D41-C873CCF78D3B}.Debug|x86.Deploy.0 = Debug|Any CPU
		{F088ABE5-05B9-4B3B-8D41-C873CCF78D3B}.Release|Any CPU.ActiveCfg = Release|Any CPU
		{F088ABE5-05B9-4B3B-8D41-C873CCF78D3B}.Release|Any CPU.Build.0 = Release|Any CPU
		{F088ABE5-05B9-4B3B-8D41-C873CCF78D3B}.Release|Any CPU.Deploy.0 = Release|Any CPU
		{F088ABE5-05B9-4B3B-8D41-C873CCF78D3B}.Release|ARM.ActiveCfg = Release|Any CPU
		{F088ABE5-05B9-4B3B-8D41-C873CCF78D3B}.Release|ARM.Build.0 = Release|Any CPU
		{F088ABE5-05B9-4B3B-8D41-C873CCF78D3B}.Release|ARM.Deploy.0 = Release|Any CPU
		{F088ABE5-05B9-4B3B-8D41-C873CCF78D3B}.Release|iPhone.ActiveCfg = Release|Any CPU
		{F088ABE5-05B9-4B3B-8D41-C873CCF78D3B}.Release|iPhone.Build.0 = Release|Any CPU
		{F088ABE5-05B9-4B3B-8D41-C873CCF78D3B}.Release|iPhone.Deploy.0 = Release|Any CPU
		{F088ABE5-05B9-4B3B-8D41-C873CCF78D3B}.Release|iPhoneSimulator.ActiveCfg = Release|Any CPU
		{F088ABE5-05B9-4B3B-8D41-C873CCF78D3B}.Release|iPhoneSimulator.Build.0 = Release|Any CPU
		{F088ABE5-05B9-4B3B-8D41-C873CCF78D3B}.Release|iPhoneSimulator.Deploy.0 = Release|Any CPU
		{F088ABE5-05B9-4B3B-8D41-C873CCF78D3B}.Release|x64.ActiveCfg = Release|Any CPU
		{F088ABE5-05B9-4B3B-8D41-C873CCF78D3B}.Release|x64.Build.0 = Release|Any CPU
		{F088ABE5-05B9-4B3B-8D41-C873CCF78D3B}.Release|x64.Deploy.0 = Release|Any CPU
		{F088ABE5-05B9-4B3B-8D41-C873CCF78D3B}.Release|x86.ActiveCfg = Release|Any CPU
		{F088ABE5-05B9-4B3B-8D41-C873CCF78D3B}.Release|x86.Build.0 = Release|Any CPU
		{F088ABE5-05B9-4B3B-8D41-C873CCF78D3B}.Release|x86.Deploy.0 = Release|Any CPU
		{49A42B59-A26B-4B54-8590-8AE84828BD22}.Debug|Any CPU.ActiveCfg = Debug|iPhone
		{49A42B59-A26B-4B54-8590-8AE84828BD22}.Debug|Any CPU.Build.0 = Debug|iPhone
		{49A42B59-A26B-4B54-8590-8AE84828BD22}.Debug|Any CPU.Deploy.0 = Debug|iPhone
		{49A42B59-A26B-4B54-8590-8AE84828BD22}.Debug|ARM.ActiveCfg = Debug|iPhoneSimulator
		{49A42B59-A26B-4B54-8590-8AE84828BD22}.Debug|ARM.Build.0 = Debug|iPhoneSimulator
		{49A42B59-A26B-4B54-8590-8AE84828BD22}.Debug|ARM.Deploy.0 = Debug|iPhoneSimulator
		{49A42B59-A26B-4B54-8590-8AE84828BD22}.Debug|iPhone.ActiveCfg = Debug|iPhone
		{49A42B59-A26B-4B54-8590-8AE84828BD22}.Debug|iPhone.Build.0 = Debug|iPhone
		{49A42B59-A26B-4B54-8590-8AE84828BD22}.Debug|iPhone.Deploy.0 = Debug|iPhone
		{49A42B59-A26B-4B54-8590-8AE84828BD22}.Debug|iPhoneSimulator.ActiveCfg = Debug|iPhoneSimulator
		{49A42B59-A26B-4B54-8590-8AE84828BD22}.Debug|iPhoneSimulator.Build.0 = Debug|iPhoneSimulator
		{49A42B59-A26B-4B54-8590-8AE84828BD22}.Debug|iPhoneSimulator.Deploy.0 = Debug|iPhoneSimulator
		{49A42B59-A26B-4B54-8590-8AE84828BD22}.Debug|x64.ActiveCfg = Debug|iPhone
		{49A42B59-A26B-4B54-8590-8AE84828BD22}.Debug|x64.Build.0 = Debug|iPhone
		{49A42B59-A26B-4B54-8590-8AE84828BD22}.Debug|x64.Deploy.0 = Debug|iPhone
		{49A42B59-A26B-4B54-8590-8AE84828BD22}.Debug|x86.ActiveCfg = Debug|iPhone
		{49A42B59-A26B-4B54-8590-8AE84828BD22}.Debug|x86.Build.0 = Debug|iPhone
		{49A42B59-A26B-4B54-8590-8AE84828BD22}.Debug|x86.Deploy.0 = Debug|iPhone
		{49A42B59-A26B-4B54-8590-8AE84828BD22}.Release|Any CPU.ActiveCfg = Release|iPhone
		{49A42B59-A26B-4B54-8590-8AE84828BD22}.Release|Any CPU.Build.0 = Release|iPhone
		{49A42B59-A26B-4B54-8590-8AE84828BD22}.Release|Any CPU.Deploy.0 = Release|iPhone
		{49A42B59-A26B-4B54-8590-8AE84828BD22}.Release|ARM.ActiveCfg = Release|iPhone
		{49A42B59-A26B-4B54-8590-8AE84828BD22}.Release|ARM.Build.0 = Release|iPhone
		{49A42B59-A26B-4B54-8590-8AE84828BD22}.Release|ARM.Deploy.0 = Release|iPhone
		{49A42B59-A26B-4B54-8590-8AE84828BD22}.Release|iPhone.ActiveCfg = Release|iPhone
		{49A42B59-A26B-4B54-8590-8AE84828BD22}.Release|iPhone.Build.0 = Release|iPhone
		{49A42B59-A26B-4B54-8590-8AE84828BD22}.Release|iPhone.Deploy.0 = Release|iPhone
		{49A42B59-A26B-4B54-8590-8AE84828BD22}.Release|iPhoneSimulator.ActiveCfg = Release|iPhoneSimulator
		{49A42B59-A26B-4B54-8590-8AE84828BD22}.Release|iPhoneSimulator.Build.0 = Release|iPhoneSimulator
		{49A42B59-A26B-4B54-8590-8AE84828BD22}.Release|iPhoneSimulator.Deploy.0 = Release|iPhoneSimulator
		{49A42B59-A26B-4B54-8590-8AE84828BD22}.Release|x64.ActiveCfg = Release|iPhone
		{49A42B59-A26B-4B54-8590-8AE84828BD22}.Release|x64.Build.0 = Release|iPhone
		{49A42B59-A26B-4B54-8590-8AE84828BD22}.Release|x64.Deploy.0 = Release|iPhone
		{49A42B59-A26B-4B54-8590-8AE84828BD22}.Release|x86.ActiveCfg = Release|iPhone
		{49A42B59-A26B-4B54-8590-8AE84828BD22}.Release|x86.Build.0 = Release|iPhone
		{49A42B59-A26B-4B54-8590-8AE84828BD22}.Release|x86.Deploy.0 = Release|iPhone
		{C7A7046A-A96C-4774-86B5-0AA20CBC243F}.Debug|Any CPU.ActiveCfg = Debug|Any CPU
		{C7A7046A-A96C-4774-86B5-0AA20CBC243F}.Debug|Any CPU.Build.0 = Debug|Any CPU
		{C7A7046A-A96C-4774-86B5-0AA20CBC243F}.Debug|Any CPU.Deploy.0 = Debug|Any CPU
		{C7A7046A-A96C-4774-86B5-0AA20CBC243F}.Debug|ARM.ActiveCfg = Debug|Any CPU
		{C7A7046A-A96C-4774-86B5-0AA20CBC243F}.Debug|ARM.Build.0 = Debug|Any CPU
		{C7A7046A-A96C-4774-86B5-0AA20CBC243F}.Debug|ARM.Deploy.0 = Debug|Any CPU
		{C7A7046A-A96C-4774-86B5-0AA20CBC243F}.Debug|iPhone.ActiveCfg = Debug|Any CPU
		{C7A7046A-A96C-4774-86B5-0AA20CBC243F}.Debug|iPhone.Build.0 = Debug|Any CPU
		{C7A7046A-A96C-4774-86B5-0AA20CBC243F}.Debug|iPhone.Deploy.0 = Debug|Any CPU
		{C7A7046A-A96C-4774-86B5-0AA20CBC243F}.Debug|iPhoneSimulator.ActiveCfg = Debug|Any CPU
		{C7A7046A-A96C-4774-86B5-0AA20CBC243F}.Debug|iPhoneSimulator.Build.0 = Debug|Any CPU
		{C7A7046A-A96C-4774-86B5-0AA20CBC243F}.Debug|iPhoneSimulator.Deploy.0 = Debug|Any CPU
		{C7A7046A-A96C-4774-86B5-0AA20CBC243F}.Debug|x64.ActiveCfg = Debug|Any CPU
		{C7A7046A-A96C-4774-86B5-0AA20CBC243F}.Debug|x64.Build.0 = Debug|Any CPU
		{C7A7046A-A96C-4774-86B5-0AA20CBC243F}.Debug|x64.Deploy.0 = Debug|Any CPU
		{C7A7046A-A96C-4774-86B5-0AA20CBC243F}.Debug|x86.ActiveCfg = Debug|Any CPU
		{C7A7046A-A96C-4774-86B5-0AA20CBC243F}.Debug|x86.Build.0 = Debug|Any CPU
		{C7A7046A-A96C-4774-86B5-0AA20CBC243F}.Debug|x86.Deploy.0 = Debug|Any CPU
		{C7A7046A-A96C-4774-86B5-0AA20CBC243F}.Release|Any CPU.ActiveCfg = Release|Any CPU
		{C7A7046A-A96C-4774-86B5-0AA20CBC243F}.Release|Any CPU.Build.0 = Release|Any CPU
		{C7A7046A-A96C-4774-86B5-0AA20CBC243F}.Release|Any CPU.Deploy.0 = Release|Any CPU
		{C7A7046A-A96C-4774-86B5-0AA20CBC243F}.Release|ARM.ActiveCfg = Release|Any CPU
		{C7A7046A-A96C-4774-86B5-0AA20CBC243F}.Release|ARM.Build.0 = Release|Any CPU
		{C7A7046A-A96C-4774-86B5-0AA20CBC243F}.Release|ARM.Deploy.0 = Release|Any CPU
		{C7A7046A-A96C-4774-86B5-0AA20CBC243F}.Release|iPhone.ActiveCfg = Release|Any CPU
		{C7A7046A-A96C-4774-86B5-0AA20CBC243F}.Release|iPhone.Build.0 = Release|Any CPU
		{C7A7046A-A96C-4774-86B5-0AA20CBC243F}.Release|iPhone.Deploy.0 = Release|Any CPU
		{C7A7046A-A96C-4774-86B5-0AA20CBC243F}.Release|iPhoneSimulator.ActiveCfg = Release|Any CPU
		{C7A7046A-A96C-4774-86B5-0AA20CBC243F}.Release|iPhoneSimulator.Build.0 = Release|Any CPU
		{C7A7046A-A96C-4774-86B5-0AA20CBC243F}.Release|iPhoneSimulator.Deploy.0 = Release|Any CPU
		{C7A7046A-A96C-4774-86B5-0AA20CBC243F}.Release|x64.ActiveCfg = Release|Any CPU
		{C7A7046A-A96C-4774-86B5-0AA20CBC243F}.Release|x64.Build.0 = Release|Any CPU
		{C7A7046A-A96C-4774-86B5-0AA20CBC243F}.Release|x64.Deploy.0 = Release|Any CPU
		{C7A7046A-A96C-4774-86B5-0AA20CBC243F}.Release|x86.ActiveCfg = Release|Any CPU
		{C7A7046A-A96C-4774-86B5-0AA20CBC243F}.Release|x86.Build.0 = Release|Any CPU
		{C7A7046A-A96C-4774-86B5-0AA20CBC243F}.Release|x86.Deploy.0 = Release|Any CPU
		{7EA41778-AEC0-436F-84FB-AE447C0E4B39}.Debug|Any CPU.ActiveCfg = Debug|Any CPU
		{7EA41778-AEC0-436F-84FB-AE447C0E4B39}.Debug|Any CPU.Build.0 = Debug|Any CPU
		{7EA41778-AEC0-436F-84FB-AE447C0E4B39}.Debug|Any CPU.Deploy.0 = Debug|Any CPU
		{7EA41778-AEC0-436F-84FB-AE447C0E4B39}.Debug|ARM.ActiveCfg = Debug|Any CPU
		{7EA41778-AEC0-436F-84FB-AE447C0E4B39}.Debug|ARM.Build.0 = Debug|Any CPU
		{7EA41778-AEC0-436F-84FB-AE447C0E4B39}.Debug|ARM.Deploy.0 = Debug|Any CPU
		{7EA41778-AEC0-436F-84FB-AE447C0E4B39}.Debug|iPhone.ActiveCfg = Debug|Any CPU
		{7EA41778-AEC0-436F-84FB-AE447C0E4B39}.Debug|iPhone.Build.0 = Debug|Any CPU
		{7EA41778-AEC0-436F-84FB-AE447C0E4B39}.Debug|iPhone.Deploy.0 = Debug|Any CPU
		{7EA41778-AEC0-436F-84FB-AE447C0E4B39}.Debug|iPhoneSimulator.ActiveCfg = Debug|Any CPU
		{7EA41778-AEC0-436F-84FB-AE447C0E4B39}.Debug|iPhoneSimulator.Build.0 = Debug|Any CPU
		{7EA41778-AEC0-436F-84FB-AE447C0E4B39}.Debug|iPhoneSimulator.Deploy.0 = Debug|Any CPU
		{7EA41778-AEC0-436F-84FB-AE447C0E4B39}.Debug|x64.ActiveCfg = Debug|Any CPU
		{7EA41778-AEC0-436F-84FB-AE447C0E4B39}.Debug|x64.Build.0 = Debug|Any CPU
		{7EA41778-AEC0-436F-84FB-AE447C0E4B39}.Debug|x64.Deploy.0 = Debug|Any CPU
		{7EA41778-AEC0-436F-84FB-AE447C0E4B39}.Debug|x86.ActiveCfg = Debug|Any CPU
		{7EA41778-AEC0-436F-84FB-AE447C0E4B39}.Debug|x86.Build.0 = Debug|Any CPU
		{7EA41778-AEC0-436F-84FB-AE447C0E4B39}.Debug|x86.Deploy.0 = Debug|Any CPU
		{7EA41778-AEC0-436F-84FB-AE447C0E4B39}.Release|Any CPU.ActiveCfg = Release|Any CPU
		{7EA41778-AEC0-436F-84FB-AE447C0E4B39}.Release|Any CPU.Build.0 = Release|Any CPU
		{7EA41778-AEC0-436F-84FB-AE447C0E4B39}.Release|Any CPU.Deploy.0 = Release|Any CPU
		{7EA41778-AEC0-436F-84FB-AE447C0E4B39}.Release|ARM.ActiveCfg = Release|Any CPU
		{7EA41778-AEC0-436F-84FB-AE447C0E4B39}.Release|ARM.Build.0 = Release|Any CPU
		{7EA41778-AEC0-436F-84FB-AE447C0E4B39}.Release|ARM.Deploy.0 = Release|Any CPU
		{7EA41778-AEC0-436F-84FB-AE447C0E4B39}.Release|iPhone.ActiveCfg = Release|Any CPU
		{7EA41778-AEC0-436F-84FB-AE447C0E4B39}.Release|iPhone.Build.0 = Release|Any CPU
		{7EA41778-AEC0-436F-84FB-AE447C0E4B39}.Release|iPhone.Deploy.0 = Release|Any CPU
		{7EA41778-AEC0-436F-84FB-AE447C0E4B39}.Release|iPhoneSimulator.ActiveCfg = Release|Any CPU
		{7EA41778-AEC0-436F-84FB-AE447C0E4B39}.Release|iPhoneSimulator.Build.0 = Release|Any CPU
		{7EA41778-AEC0-436F-84FB-AE447C0E4B39}.Release|iPhoneSimulator.Deploy.0 = Release|Any CPU
		{7EA41778-AEC0-436F-84FB-AE447C0E4B39}.Release|x64.ActiveCfg = Release|Any CPU
		{7EA41778-AEC0-436F-84FB-AE447C0E4B39}.Release|x64.Build.0 = Release|Any CPU
		{7EA41778-AEC0-436F-84FB-AE447C0E4B39}.Release|x64.Deploy.0 = Release|Any CPU
		{7EA41778-AEC0-436F-84FB-AE447C0E4B39}.Release|x86.ActiveCfg = Release|Any CPU
		{7EA41778-AEC0-436F-84FB-AE447C0E4B39}.Release|x86.Build.0 = Release|Any CPU
		{7EA41778-AEC0-436F-84FB-AE447C0E4B39}.Release|x86.Deploy.0 = Release|Any CPU
	EndGlobalSection
	GlobalSection(SolutionProperties) = preSolution
		HideSolutionNode = FALSE
	EndGlobalSection
	GlobalSection(ExtensibilityGlobals) = postSolution
		SolutionGuid = {A7C412BA-C3CD-4F4C-A585-71C07D8B34BB}
	EndGlobalSection
EndGlobal
