
Microsoft Visual Studio Solution File, Format Version 12.00
# Visual Studio Version 16
VisualStudioVersion = 16.0.29001.49
MinimumVisualStudioVersion = 10.0.40219.1
Project("{9A19103F-16F7-4668-BE54-9A1E7A4F7556}") = "Core3Sample", "Core3Sample\Core3Sample.csproj", "{AEE7CBC7-6DEC-4E44-967A-F401863B1272}"
EndProject
Project("{9A19103F-16F7-4668-BE54-9A1E7A4F7556}") = "WindowsFormsApp1", "WindowsFormsApp2\WindowsFormsApp1.csproj", "{B96B9367-DC27-480C-A6C6-35951B692BB5}"
EndProject
Project("{9A19103F-16F7-4668-BE54-9A1E7A4F7556}") = "Core3Web", "Core3Web\Core3Web.csproj", "{50F52598-3896-4A0E-933F-F7FC1B28C0A1}"
EndProject
Project("{8BC9CEB8-8B4A-11D0-8D11-00A0C91BC942}") = "UWPSample", "UWPSample\UWPSample.vcxproj", "{9E513A01-E520-4D97-A8E9-FA01FE1D1C95}"
EndProject
Project("{888888A0-9F3D-457C-B088-3A5042F75D52}") = "FlaskWeb", "FlaskWeb\FlaskWeb.pyproj", "{A5F938B5-74C0-45FD-942B-3BB0F3E402EE}"
EndProject
Project("{6EC3EE1D-3C4E-46DD-8F32-0CC8E7565705}") = "FSharpWeb", "FSharpWeb\FSharpWeb.fsproj", "{68B0DE35-D18F-417C-9742-84C3468DC752}"
EndProject
Global
	GlobalSection(SolutionConfigurationPlatforms) = preSolution
		Debug|Any CPU = Debug|Any CPU
		Debug|ARM = Debug|ARM
		Debug|ARM64 = Debug|ARM64
		Debug|x64 = Debug|x64
		Debug|x86 = Debug|x86
		Release|Any CPU = Release|Any CPU
		Release|ARM = Release|ARM
		Release|ARM64 = Release|ARM64
		Release|x64 = Release|x64
		Release|x86 = Release|x86
	EndGlobalSection
	GlobalSection(ProjectConfigurationPlatforms) = postSolution
		{AEE7CBC7-6DEC-4E44-967A-F401863B1272}.Debug|Any CPU.ActiveCfg = Debug|Any CPU
		{AEE7CBC7-6DEC-4E44-967A-F401863B1272}.Debug|Any CPU.Build.0 = Debug|Any CPU
		{AEE7CBC7-6DEC-4E44-967A-F401863B1272}.Debug|ARM.ActiveCfg = Debug|Any CPU
		{AEE7CBC7-6DEC-4E44-967A-F401863B1272}.Debug|ARM.Build.0 = Debug|Any CPU
		{AEE7CBC7-6DEC-4E44-967A-F401863B1272}.Debug|ARM64.ActiveCfg = Debug|Any CPU
		{AEE7CBC7-6DEC-4E44-967A-F401863B1272}.Debug|ARM64.Build.0 = Debug|Any CPU
		{AEE7CBC7-6DEC-4E44-967A-F401863B1272}.Debug|x64.ActiveCfg = Debug|Any CPU
		{AEE7CBC7-6DEC-4E44-967A-F401863B1272}.Debug|x64.Build.0 = Debug|Any CPU
		{AEE7CBC7-6DEC-4E44-967A-F401863B1272}.Debug|x86.ActiveCfg = Debug|Any CPU
		{AEE7CBC7-6DEC-4E44-967A-F401863B1272}.Debug|x86.Build.0 = Debug|Any CPU
		{AEE7CBC7-6DEC-4E44-967A-F401863B1272}.Release|Any CPU.ActiveCfg = Release|Any CPU
		{AEE7CBC7-6DEC-4E44-967A-F401863B1272}.Release|Any CPU.Build.0 = Release|Any CPU
		{AEE7CBC7-6DEC-4E44-967A-F401863B1272}.Release|ARM.ActiveCfg = Release|Any CPU
		{AEE7CBC7-6DEC-4E44-967A-F401863B1272}.Release|ARM.Build.0 = Release|Any CPU
		{AEE7CBC7-6DEC-4E44-967A-F401863B1272}.Release|ARM64.ActiveCfg = Release|Any CPU
		{AEE7CBC7-6DEC-4E44-967A-F401863B1272}.Release|ARM64.Build.0 = Release|Any CPU
		{AEE7CBC7-6DEC-4E44-967A-F401863B1272}.Release|x64.ActiveCfg = Release|Any CPU
		{AEE7CBC7-6DEC-4E44-967A-F401863B1272}.Release|x64.Build.0 = Release|Any CPU
		{AEE7CBC7-6DEC-4E44-967A-F401863B1272}.Release|x86.ActiveCfg = Release|Any CPU
		{AEE7CBC7-6DEC-4E44-967A-F401863B1272}.Release|x86.Build.0 = Release|Any CPU
		{B96B9367-DC27-480C-A6C6-35951B692BB5}.Debug|Any CPU.ActiveCfg = Debug|Any CPU
		{B96B9367-DC27-480C-A6C6-35951B692BB5}.Debug|Any CPU.Build.0 = Debug|Any CPU
		{B96B9367-DC27-480C-A6C6-35951B692BB5}.Debug|ARM.ActiveCfg = Debug|Any CPU
		{B96B9367-DC27-480C-A6C6-35951B692BB5}.Debug|ARM.Build.0 = Debug|Any CPU
		{B96B9367-DC27-480C-A6C6-35951B692BB5}.Debug|ARM64.ActiveCfg = Debug|Any CPU
		{B96B9367-DC27-480C-A6C6-35951B692BB5}.Debug|ARM64.Build.0 = Debug|Any CPU
		{B96B9367-DC27-480C-A6C6-35951B692BB5}.Debug|x64.ActiveCfg = Debug|Any CPU
		{B96B9367-DC27-480C-A6C6-35951B692BB5}.Debug|x64.Build.0 = Debug|Any CPU
		{B96B9367-DC27-480C-A6C6-35951B692BB5}.Debug|x86.ActiveCfg = Debug|Any CPU
		{B96B9367-DC27-480C-A6C6-35951B692BB5}.Debug|x86.Build.0 = Debug|Any CPU
		{B96B9367-DC27-480C-A6C6-35951B692BB5}.Release|Any CPU.ActiveCfg = Release|Any CPU
		{B96B9367-DC27-480C-A6C6-35951B692BB5}.Release|Any CPU.Build.0 = Release|Any CPU
		{B96B9367-DC27-480C-A6C6-35951B692BB5}.Release|ARM.ActiveCfg = Release|Any CPU
		{B96B9367-DC27-480C-A6C6-35951B692BB5}.Release|ARM.Build.0 = Release|Any CPU
		{B96B9367-DC27-480C-A6C6-35951B692BB5}.Release|ARM64.ActiveCfg = Release|Any CPU
		{B96B9367-DC27-480C-A6C6-35951B692BB5}.Release|ARM64.Build.0 = Release|Any CPU
		{B96B9367-DC27-480C-A6C6-35951B692BB5}.Release|x64.ActiveCfg = Release|Any CPU
		{B96B9367-DC27-480C-A6C6-35951B692BB5}.Release|x64.Build.0 = Release|Any CPU
		{B96B9367-DC27-480C-A6C6-35951B692BB5}.Release|x86.ActiveCfg = Release|Any CPU
		{B96B9367-DC27-480C-A6C6-35951B692BB5}.Release|x86.Build.0 = Release|Any CPU
		{50F52598-3896-4A0E-933F-F7FC1B28C0A1}.Debug|Any CPU.ActiveCfg = Debug|Any CPU
		{50F52598-3896-4A0E-933F-F7FC1B28C0A1}.Debug|Any CPU.Build.0 = Debug|Any CPU
		{50F52598-3896-4A0E-933F-F7FC1B28C0A1}.Debug|ARM.ActiveCfg = Debug|Any CPU
		{50F52598-3896-4A0E-933F-F7FC1B28C0A1}.Debug|ARM.Build.0 = Debug|Any CPU
		{50F52598-3896-4A0E-933F-F7FC1B28C0A1}.Debug|ARM64.ActiveCfg = Debug|Any CPU
		{50F52598-3896-4A0E-933F-F7FC1B28C0A1}.Debug|ARM64.Build.0 = Debug|Any CPU
		{50F52598-3896-4A0E-933F-F7FC1B28C0A1}.Debug|x64.ActiveCfg = Debug|Any CPU
		{50F52598-3896-4A0E-933F-F7FC1B28C0A1}.Debug|x64.Build.0 = Debug|Any CPU
		{50F52598-3896-4A0E-933F-F7FC1B28C0A1}.Debug|x86.ActiveCfg = Debug|Any CPU
		{50F52598-3896-4A0E-933F-F7FC1B28C0A1}.Debug|x86.Build.0 = Debug|Any CPU
		{50F52598-3896-4A0E-933F-F7FC1B28C0A1}.Release|Any CPU.ActiveCfg = Release|Any CPU
		{50F52598-3896-4A0E-933F-F7FC1B28C0A1}.Release|Any CPU.Build.0 = Release|Any CPU
		{50F52598-3896-4A0E-933F-F7FC1B28C0A1}.Release|ARM.ActiveCfg = Release|Any CPU
		{50F52598-3896-4A0E-933F-F7FC1B28C0A1}.Release|ARM.Build.0 = Release|Any CPU
		{50F52598-3896-4A0E-933F-F7FC1B28C0A1}.Release|ARM64.ActiveCfg = Release|Any CPU
		{50F52598-3896-4A0E-933F-F7FC1B28C0A1}.Release|ARM64.Build.0 = Release|Any CPU
		{50F52598-3896-4A0E-933F-F7FC1B28C0A1}.Release|x64.ActiveCfg = Release|Any CPU
		{50F52598-3896-4A0E-933F-F7FC1B28C0A1}.Release|x64.Build.0 = Release|Any CPU
		{50F52598-3896-4A0E-933F-F7FC1B28C0A1}.Release|x86.ActiveCfg = Release|Any CPU
		{50F52598-3896-4A0E-933F-F7FC1B28C0A1}.Release|x86.Build.0 = Release|Any CPU
		{9E513A01-E520-4D97-A8E9-FA01FE1D1C95}.Debug|Any CPU.ActiveCfg = Debug|Win32
		{9E513A01-E520-4D97-A8E9-FA01FE1D1C95}.Debug|ARM.ActiveCfg = Debug|ARM
		{9E513A01-E520-4D97-A8E9-FA01FE1D1C95}.Debug|ARM.Build.0 = Debug|ARM
		{9E513A01-E520-4D97-A8E9-FA01FE1D1C95}.Debug|ARM.Deploy.0 = Debug|ARM
		{9E513A01-E520-4D97-A8E9-FA01FE1D1C95}.Debug|ARM64.ActiveCfg = Debug|ARM64
		{9E513A01-E520-4D97-A8E9-FA01FE1D1C95}.Debug|ARM64.Build.0 = Debug|ARM64
		{9E513A01-E520-4D97-A8E9-FA01FE1D1C95}.Debug|ARM64.Deploy.0 = Debug|ARM64
		{9E513A01-E520-4D97-A8E9-FA01FE1D1C95}.Debug|x64.ActiveCfg = Debug|x64
		{9E513A01-E520-4D97-A8E9-FA01FE1D1C95}.Debug|x64.Build.0 = Debug|x64
		{9E513A01-E520-4D97-A8E9-FA01FE1D1C95}.Debug|x64.Deploy.0 = Debug|x64
		{9E513A01-E520-4D97-A8E9-FA01FE1D1C95}.Debug|x86.ActiveCfg = Debug|Win32
		{9E513A01-E520-4D97-A8E9-FA01FE1D1C95}.Debug|x86.Build.0 = Debug|Win32
		{9E513A01-E520-4D97-A8E9-FA01FE1D1C95}.Debug|x86.Deploy.0 = Debug|Win32
		{9E513A01-E520-4D97-A8E9-FA01FE1D1C95}.Release|Any CPU.ActiveCfg = Release|Win32
		{9E513A01-E520-4D97-A8E9-FA01FE1D1C95}.Release|ARM.ActiveCfg = Release|ARM
		{9E513A01-E520-4D97-A8E9-FA01FE1D1C95}.Release|ARM.Build.0 = Release|ARM
		{9E513A01-E520-4D97-A8E9-FA01FE1D1C95}.Release|ARM.Deploy.0 = Release|ARM
		{9E513A01-E520-4D97-A8E9-FA01FE1D1C95}.Release|ARM64.ActiveCfg = Release|ARM64
		{9E513A01-E520-4D97-A8E9-FA01FE1D1C95}.Release|ARM64.Build.0 = Release|ARM64
		{9E513A01-E520-4D97-A8E9-FA01FE1D1C95}.Release|ARM64.Deploy.0 = Release|ARM64
		{9E513A01-E520-4D97-A8E9-FA01FE1D1C95}.Release|x64.ActiveCfg = Release|x64
		{9E513A01-E520-4D97-A8E9-FA01FE1D1C95}.Release|x64.Build.0 = Release|x64
		{9E513A01-E520-4D97-A8E9-FA01FE1D1C95}.Release|x64.Deploy.0 = Release|x64
		{9E513A01-E520-4D97-A8E9-FA01FE1D1C95}.Release|x86.ActiveCfg = Release|Win32
		{9E513A01-E520-4D97-A8E9-FA01FE1D1C95}.Release|x86.Build.0 = Release|Win32
		{9E513A01-E520-4D97-A8E9-FA01FE1D1C95}.Release|x86.Deploy.0 = Release|Win32
		{A5F938B5-74C0-45FD-942B-3BB0F3E402EE}.Debug|Any CPU.ActiveCfg = Debug|Any CPU
		{A5F938B5-74C0-45FD-942B-3BB0F3E402EE}.Debug|Any CPU.Build.0 = Debug|Any CPU
		{A5F938B5-74C0-45FD-942B-3BB0F3E402EE}.Debug|ARM.ActiveCfg = Debug|Any CPU
		{A5F938B5-74C0-45FD-942B-3BB0F3E402EE}.Debug|ARM.Build.0 = Debug|Any CPU
		{A5F938B5-74C0-45FD-942B-3BB0F3E402EE}.Debug|ARM64.ActiveCfg = Debug|Any CPU
		{A5F938B5-74C0-45FD-942B-3BB0F3E402EE}.Debug|ARM64.Build.0 = Debug|Any CPU
		{A5F938B5-74C0-45FD-942B-3BB0F3E402EE}.Debug|x64.ActiveCfg = Debug|Any CPU
		{A5F938B5-74C0-45FD-942B-3BB0F3E402EE}.Debug|x64.Build.0 = Debug|Any CPU
		{A5F938B5-74C0-45FD-942B-3BB0F3E402EE}.Debug|x86.ActiveCfg = Debug|Any CPU
		{A5F938B5-74C0-45FD-942B-3BB0F3E402EE}.Debug|x86.Build.0 = Debug|Any CPU
		{A5F938B5-74C0-45FD-942B-3BB0F3E402EE}.Release|Any CPU.ActiveCfg = Release|Any CPU
		{A5F938B5-74C0-45FD-942B-3BB0F3E402EE}.Release|Any CPU.Build.0 = Release|Any CPU
		{A5F938B5-74C0-45FD-942B-3BB0F3E402EE}.Release|ARM.ActiveCfg = Release|Any CPU
		{A5F938B5-74C0-45FD-942B-3BB0F3E402EE}.Release|ARM.Build.0 = Release|Any CPU
		{A5F938B5-74C0-45FD-942B-3BB0F3E402EE}.Release|ARM64.ActiveCfg = Release|Any CPU
		{A5F938B5-74C0-45FD-942B-3BB0F3E402EE}.Release|ARM64.Build.0 = Release|Any CPU
		{A5F938B5-74C0-45FD-942B-3BB0F3E402EE}.Release|x64.ActiveCfg = Release|Any CPU
		{A5F938B5-74C0-45FD-942B-3BB0F3E402EE}.Release|x64.Build.0 = Release|Any CPU
		{A5F938B5-74C0-45FD-942B-3BB0F3E402EE}.Release|x86.ActiveCfg = Release|Any CPU
		{A5F938B5-74C0-45FD-942B-3BB0F3E402EE}.Release|x86.Build.0 = Release|Any CPU
		{68B0DE35-D18F-417C-9742-84C3468DC752}.Debug|Any CPU.ActiveCfg = Debug|Any CPU
		{68B0DE35-D18F-417C-9742-84C3468DC752}.Debug|Any CPU.Build.0 = Debug|Any CPU
		{68B0DE35-D18F-417C-9742-84C3468DC752}.Debug|ARM.ActiveCfg = Debug|Any CPU
		{68B0DE35-D18F-417C-9742-84C3468DC752}.Debug|ARM.Build.0 = Debug|Any CPU
		{68B0DE35-D18F-417C-9742-84C3468DC752}.Debug|ARM64.ActiveCfg = Debug|Any CPU
		{68B0DE35-D18F-417C-9742-84C3468DC752}.Debug|ARM64.Build.0 = Debug|Any CPU
		{68B0DE35-D18F-417C-9742-84C3468DC752}.Debug|x64.ActiveCfg = Debug|Any CPU
		{68B0DE35-D18F-417C-9742-84C3468DC752}.Debug|x64.Build.0 = Debug|Any CPU
		{68B0DE35-D18F-417C-9742-84C3468DC752}.Debug|x86.ActiveCfg = Debug|Any CPU
		{68B0DE35-D18F-417C-9742-84C3468DC752}.Debug|x86.Build.0 = Debug|Any CPU
		{68B0DE35-D18F-417C-9742-84C3468DC752}.Release|Any CPU.ActiveCfg = Release|Any CPU
		{68B0DE35-D18F-417C-9742-84C3468DC752}.Release|Any CPU.Build.0 = Release|Any CPU
		{68B0DE35-D18F-417C-9742-84C3468DC752}.Release|ARM.ActiveCfg = Release|Any CPU
		{68B0DE35-D18F-417C-9742-84C3468DC752}.Release|ARM.Build.0 = Release|Any CPU
		{68B0DE35-D18F-417C-9742-84C3468DC752}.Release|ARM64.ActiveCfg = Release|Any CPU
		{68B0DE35-D18F-417C-9742-84C3468DC752}.Release|ARM64.Build.0 = Release|Any CPU
		{68B0DE35-D18F-417C-9742-84C3468DC752}.Release|x64.ActiveCfg = Release|Any CPU
		{68B0DE35-D18F-417C-9742-84C3468DC752}.Release|x64.Build.0 = Release|Any CPU
		{68B0DE35-D18F-417C-9742-84C3468DC752}.Release|x86.ActiveCfg = Release|Any CPU
		{68B0DE35-D18F-417C-9742-84C3468DC752}.Release|x86.Build.0 = Release|Any CPU
	EndGlobalSection
	GlobalSection(SolutionProperties) = preSolution
		HideSolutionNode = FALSE
	EndGlobalSection
	GlobalSection(ExtensibilityGlobals) = postSolution
		SolutionGuid = {8D2191D3-D199-4E0D-A319-AD11B41F48AC}
	EndGlobalSection
EndGlobal
